github.com/campbel/yoshi v0.0.0-20230124045414-20852adcf196 h1:aAfpFN9pOgC9LmcmdGqkpg7SMN8vtGx1KlzOIdh/tUA=
github.com/campbel/yoshi v0.0.0-20230124045414-20852adcf196/go.mod h1:cxAycf56su4vrfCGKxzBY8mdtKaGOxuYK/vwGO/5wKE=
github.com/campbel/yoshi v0.0.0-20230124051115-088489139ce1 h1:ujnPpN7zPHsZFIk4j6R0KjvOHBszX4QpFQNlYpx0JFQ=
github.com/campbel/yoshi v0.0.0-20230124051115-088489139ce1/go.mod h1:cxAycf56su4vrfCGKxzBY8mdtKaGOxuYK/vwGO/5wKE=
github.com/campbel/yoshi v0.0.0-20230124055539-9b23bff889c7 h1:DY1OkP4RJGWmp6wDg/OiYDlG/sbkIeCUFgYbEk3pytw=
github.com/campbel/yoshi v0.0.0-20230124055539-9b23bff889c7/go.mod h1:cxAycf56su4vrfCGKxzBY8mdtKaGOxuYK/vwGO/5wKE=
github.com/campbel/yoshi v0.0.0-20230124235858-152307172eb7 h1:FfmgzttWO60Tj5TJn8pifPw9pcV9RB7UFRweBC356UE=
github.com/campbel/yoshi v0.0.0-20230124235858-152307172eb7/go.mod h1:cxAycf56su4vrfCGKxzBY8mdtKaGOxuYK/vwGO/5wKE=
github.com/campbel/yoshi v0.0.0-20230125000743-97a3fba6c488 h1:qy7gk3bjRbaM6anVstEVJPdxTFCrIoF8w1FH8XBQod0=
github.com/campbel/yoshi v0.0.0-20230125000743-97a3fba6c488/go.mod h1:cxAycf56su4vrfCGKxzBY8mdtKaGOxuYK/vwGO/5wKE=
github.com/campbel/yoshi v0.0.0-20230125001940-815f80357c5c h1:tS00hVzA+rhI0ijqGaH5sic3r7j+16+dJnowpP7xLLY=
github.com/campbel/yoshi v0.0.0-20230125001940-815f80357c5c/go.mod h1:cxAycf56su4vrfCGKxzBY8mdtKaGOxuYK/vwGO/5wKE=
github.com/campbel/yoshi v0.0.0-20230125002716-1682548814f4 h1:CO3s5v+PtpX0kTkmrYoXPLCjWo4egbMaSGWkF5DQpgE=
github.com/campbel/yoshi v0.0.0-20230125002716-1682548814f4/go.mod h1:cxAycf56su4vrfCGKxzBY8mdtKaGOxuYK/vwGO/5wKE=
github.com/campbel/yoshi v0.0.0-20230125002908-d23274268c14 h1:UmLfT0UVzFHCrmR3I6PtpRRUlm34iUk4OVgvxE1VP88=
github.com/campbel/yoshi v0.0.0-20230125002908-d23274268c14/go.mod h1:cxAycf56su4vrfCGKxzBY8mdtKaGOxuYK/vwGO/5wKE=
github.com/campbel/yoshi v0.0.0-20230125003222-8d8186e8519f h1:xY5iwpWcQeIrpAeV3sorAS/OctVUs9pK3lqouIrLyjM=
github.com/campbel/yoshi v0.0.0-20230125003222-8d8186e8519f/go.mod h1:cxAycf56su4vrfCGKxzBY8mdtKaGOxuYK/vwGO/5wKE=
github.com/campbel/yoshi v0.0.0-20230125004101-6a02c149d832 h1:17Qo2zZAeBKE5AotgbcgYaWgyrso5kjY0GvjM8KiPtY=
github.com/campbel/yoshi v0.0.0-20230125004101-6a02c149d832/go.mod h1:cxAycf56su4vrfCGKxzBY8mdtKaGOxuYK/vwGO/5wKE=
github.com/campbel/yoshi v0.0.0-20230125004408-8f7a5f7bae77 h1:Z0jbGdr+mtJ2xMWpcRfbnExcjCRmw5qOU82lxOPHbo8=
github.com/campbel/yoshi v0.0.0-20230125004408-8f7a5f7bae77/go.mod h1:cxAycf56su4vrfCGKxzBY8mdtKaGOxuYK/vwGO/5wKE=
github.com/campbel/yoshi v0.0.0-20230125011641-ee0a915f58c5 h1:23HyIqQyKHA10NZNHyMMVp6DjHlAHIYnw4cQX7hMooU=
github.com/campbel/yoshi v0.0.0-20230125011641-ee0a915f58c5/go.mod h1:cxAycf56su4vrfCGKxzBY8mdtKaGOxuYK/vwGO/5wKE=
golang.org/x/net v0.5.0 h1:GyT4nK/YDHSqa1c4753ouYCDajOYKTja9Xb/OHtgvSw=
golang.org/x/net v0.5.0/go.mod h1:DivGGAXEgPSlEBzxGzZI+ZLohi+xUj054jfeKui00ws=
